uuid: a964cff2-c5be-4f04-ae10-aa43e5219305
langcode: fr
status: true
dependencies:
  module:
    - module_salah
  theme:
    - podtalk
id: podtalk_exampleheroblock
theme: podtalk
region: sidebar_first
weight: 0
provider: null
plugin: module_salah_salah
settings:
  id: module_salah_salah
  label: 'Recettes marocaines'
  label_display: visible
  provider: module_salah
visibility: {  }
